
Microsoft Visual Studio Solution File, Format Version 12.00
# Visual Studio Version 17
VisualStudioVersion = 17.9.34728.123
MinimumVisualStudioVersion = 10.0.40219.1
Project("{FAE04EC0-301F-11D3-BF4B-00C04F79EFBC}") = "RotMGTool", "RotMGTool\RotMGTool.csproj", "{F9CA0F5B-8DE5-4ABA-BB3B-1930AA893A0A}"
EndProject
Global
	GlobalSection(SolutionConfigurationPlatforms) = preSolution
		Debug|Any CPU = Debug|Any CPU
		Release|Any CPU = Release|Any CPU
	EndGlobalSection
	GlobalSection(ProjectConfigurationPlatforms) = postSolution
		{F9CA0F5B-8DE5-4ABA-BB3B-1930AA893A0A}.Debug|Any CPU.ActiveCfg = Debug|Any CPU
		{F9CA0F5B-8DE5-4ABA-BB3B-1930AA893A0A}.Debug|Any CPU.Build.0 = Debug|Any CPU
		{F9CA0F5B-8DE5-4ABA-BB3B-1930AA893A0A}.Release|Any CPU.ActiveCfg = Release|Any CPU
		{F9CA0F5B-8DE5-4ABA-BB3B-1930AA893A0A}.Release|Any CPU.Build.0 = Release|Any CPU
	EndGlobalSection
	GlobalSection(SolutionProperties) = preSolution
		HideSolutionNode = FALSE
	EndGlobalSection
	GlobalSection(ExtensibilityGlobals) = postSolution
		SolutionGuid = {232D87D4-7045-4BD2-A6D4-DB70976322B9}
	EndGlobalSection
EndGlobal
